
Microsoft Visual Studio Solution File, Format Version 12.00
# Visual Studio Version 18
VisualStudioVersion = 18.0.11123.170
MinimumVisualStudioVersion = 10.0.40219.1
Project("{FAE04EC0-301F-11D3-BF4B-00C04F79EFBC}") = "IFSPStore.Domain", "IFSPStore.Domain\IFSPStore.Domain.csproj", "{1FEB8B1A-207B-4E74-A4FD-9BFC45A53C69}"
EndProject
Project("{FAE04EC0-301F-11D3-BF4B-00C04F79EFBC}") = "IFSPStore.Repository", "IFSPStore.Repository\IFSPStore.Repository.csproj", "{560DBE00-2827-4F1F-BE0F-8B504E3EFDCF}"
EndProject
Project("{FAE04EC0-301F-11D3-BF4B-00C04F79EFBC}") = "IFSPStore.Test", "IFSPStore.Test\IFSPStore.Test.csproj", "{5896AF0C-86BE-42B2-B921-0F7A531AB8A8}"
EndProject
Project("{FAE04EC0-301F-11D3-BF4B-00C04F79EFBC}") = "IFSPStore.Service", "IFSPStore.Service\IFSPStore.Service.csproj", "{0DEA8138-DB03-4E3D-B13A-DA3DD6EE7293}"
EndProject
Project("{FAE04EC0-301F-11D3-BF4B-00C04F79EFBC}") = "IFSPStore.App", "IFSPStore.App\IFSPStore.App.csproj", "{0FC324D8-B51F-4C3B-8275-8EB7347A40EE}"
EndProject
Global
	GlobalSection(SolutionConfigurationPlatforms) = preSolution
		Debug|Any CPU = Debug|Any CPU
		Release|Any CPU = Release|Any CPU
	EndGlobalSection
	GlobalSection(ProjectConfigurationPlatforms) = postSolution
		{1FEB8B1A-207B-4E74-A4FD-9BFC45A53C69}.Debug|Any CPU.ActiveCfg = Debug|Any CPU
		{1FEB8B1A-207B-4E74-A4FD-9BFC45A53C69}.Debug|Any CPU.Build.0 = Debug|Any CPU
		{1FEB8B1A-207B-4E74-A4FD-9BFC45A53C69}.Release|Any CPU.ActiveCfg = Release|Any CPU
		{1FEB8B1A-207B-4E74-A4FD-9BFC45A53C69}.Release|Any CPU.Build.0 = Release|Any CPU
		{560DBE00-2827-4F1F-BE0F-8B504E3EFDCF}.Debug|Any CPU.ActiveCfg = Debug|Any CPU
		{560DBE00-2827-4F1F-BE0F-8B504E3EFDCF}.Debug|Any CPU.Build.0 = Debug|Any CPU
		{560DBE00-2827-4F1F-BE0F-8B504E3EFDCF}.Release|Any CPU.ActiveCfg = Release|Any CPU
		{560DBE00-2827-4F1F-BE0F-8B504E3EFDCF}.Release|Any CPU.Build.0 = Release|Any CPU
		{5896AF0C-86BE-42B2-B921-0F7A531AB8A8}.Debug|Any CPU.ActiveCfg = Debug|Any CPU
		{5896AF0C-86BE-42B2-B921-0F7A531AB8A8}.Debug|Any CPU.Build.0 = Debug|Any CPU
		{5896AF0C-86BE-42B2-B921-0F7A531AB8A8}.Release|Any CPU.ActiveCfg = Release|Any CPU
		{5896AF0C-86BE-42B2-B921-0F7A531AB8A8}.Release|Any CPU.Build.0 = Release|Any CPU
		{0DEA8138-DB03-4E3D-B13A-DA3DD6EE7293}.Debug|Any CPU.ActiveCfg = Debug|Any CPU
		{0DEA8138-DB03-4E3D-B13A-DA3DD6EE7293}.Debug|Any CPU.Build.0 = Debug|Any CPU
		{0DEA8138-DB03-4E3D-B13A-DA3DD6EE7293}.Release|Any CPU.ActiveCfg = Release|Any CPU
		{0DEA8138-DB03-4E3D-B13A-DA3DD6EE7293}.Release|Any CPU.Build.0 = Release|Any CPU
		{0FC324D8-B51F-4C3B-8275-8EB7347A40EE}.Debug|Any CPU.ActiveCfg = Debug|Any CPU
		{0FC324D8-B51F-4C3B-8275-8EB7347A40EE}.Debug|Any CPU.Build.0 = Debug|Any CPU
		{0FC324D8-B51F-4C3B-8275-8EB7347A40EE}.Release|Any CPU.ActiveCfg = Release|Any CPU
		{0FC324D8-B51F-4C3B-8275-8EB7347A40EE}.Release|Any CPU.Build.0 = Release|Any CPU
	EndGlobalSection
	GlobalSection(SolutionProperties) = preSolution
		HideSolutionNode = FALSE
	EndGlobalSection
	GlobalSection(ExtensibilityGlobals) = postSolution
		SolutionGuid = {FE64660C-0E81-4F62-B325-F9E239E88752}
	EndGlobalSection
EndGlobal
